// !$*UTF8*$!
{
	archiveVersion = 1;
	classes = {
	};
	objectVersion = 55;
	objects = {

/* Begin PBXBuildFile section */
		0303317428D1F74600794F12 /* WebViewController.swift in Sources */ = {isa = PBXBuildFile; fileRef = 0303317328D1F74600794F12 /* WebViewController.swift */; };
		0348625628CF5F060042EF3E /* NewsCollectionViewCell.swift in Sources */ = {isa = PBXBuildFile; fileRef = 0348625428CF5F060042EF3E /* NewsCollectionViewCell.swift */; };
		0348625728CF5F060042EF3E /* NewsCollectionViewCell.xib in Resources */ = {isa = PBXBuildFile; fileRef = 0348625528CF5F060042EF3E /* NewsCollectionViewCell.xib */; };
		0348625928CF68DF0042EF3E /* News.swift in Sources */ = {isa = PBXBuildFile; fileRef = 0348625828CF68DF0042EF3E /* News.swift */; };
		03749A9528CF3FF9001A8061 /* AppDelegate.swift in Sources */ = {isa = PBXBuildFile; fileRef = 03749A9428CF3FF9001A8061 /* AppDelegate.swift */; };
		03749A9728CF3FF9001A8061 /* SceneDelegate.swift in Sources */ = {isa = PBXBuildFile; fileRef = 03749A9628CF3FF9001A8061 /* SceneDelegate.swift */; };
		03749A9C28CF3FF9001A8061 /* Main.storyboard in Resources */ = {isa = PBXBuildFile; fileRef = 03749A9A28CF3FF9001A8061 /* Main.storyboard */; };
		03749A9F28CF3FF9001A8061 /* NewsApp_uikit.xcdatamodeld in Sources */ = {isa = PBXBuildFile; fileRef = 03749A9D28CF3FF9001A8061 /* NewsApp_uikit.xcdatamodeld */; };
		03749AA128CF3FFB001A8061 /* Assets.xcassets in Resources */ = {isa = PBXBuildFile; fileRef = 03749AA028CF3FFB001A8061 /* Assets.xcassets */; };
		03749AA428CF3FFB001A8061 /* LaunchScreen.storyboard in Resources */ = {isa = PBXBuildFile; fileRef = 03749AA228CF3FFB001A8061 /* LaunchScreen.storyboard */; };
		03749AAF28CF4116001A8061 /* MainViewController.swift in Sources */ = {isa = PBXBuildFile; fileRef = 03749AAE28CF4116001A8061 /* MainViewController.swift */; };
		03C277B428D0937800D65891 /* DetailsViewController.swift in Sources */ = {isa = PBXBuildFile; fileRef = 03C277B328D0937800D65891 /* DetailsViewController.swift */; };
/* End PBXBuildFile section */

/* Begin PBXFileReference section */
		0303317328D1F74600794F12 /* WebViewController.swift */ = {isa = PBXFileReference; lastKnownFileType = sourcecode.swift; path = WebViewController.swift; sourceTree = "<group>"; };
		0348625428CF5F060042EF3E /* NewsCollectionViewCell.swift */ = {isa = PBXFileReference; lastKnownFileType = sourcecode.swift; path = NewsCollectionViewCell.swift; sourceTree = "<group>"; };
		0348625528CF5F060042EF3E /* NewsCollectionViewCell.xib */ = {isa = PBXFileReference; lastKnownFileType = file.xib; path = NewsCollectionViewCell.xib; sourceTree = "<group>"; };
		0348625828CF68DF0042EF3E /* News.swift */ = {isa = PBXFileReference; lastKnownFileType = sourcecode.swift; path = News.swift; sourceTree = "<group>"; };
		03749A9128CF3FF9001A8061 /* NewsApp-uikit.app */ = {isa = PBXFileReference; explicitFileType = wrapper.application; includeInIndex = 0; path = "NewsApp-uikit.app"; sourceTree = BUILT_PRODUCTS_DIR; };
		03749A9428CF3FF9001A8061 /* AppDelegate.swift */ = {isa = PBXFileReference; lastKnownFileType = sourcecode.swift; path = AppDelegate.swift; sourceTree = "<group>"; };
		03749A9628CF3FF9001A8061 /* SceneDelegate.swift */ = {isa = PBXFileReference; lastKnownFileType = sourcecode.swift; path = SceneDelegate.swift; sourceTree = "<group>"; };
		03749A9B28CF3FF9001A8061 /* Base */ = {isa = PBXFileReference; lastKnownFileType = file.storyboard; name = Base; path = Base.lproj/Main.storyboard; sourceTree = "<group>"; };
		03749A9E28CF3FF9001A8061 /* NewsApp_uikit.xcdatamodel */ = {isa = PBXFileReference; lastKnownFileType = wrapper.xcdatamodel; path = NewsApp_uikit.xcdatamodel; sourceTree = "<group>"; };
		03749AA028CF3FFB001A8061 /* Assets.xcassets */ = {isa = PBXFileReference; lastKnownFileType = folder.assetcatalog; path = Assets.xcassets; sourceTree = "<group>"; };
		03749AA328CF3FFB001A8061 /* Base */ = {isa = PBXFileReference; lastKnownFileType = file.storyboard; name = Base; path = Base.lproj/LaunchScreen.storyboard; sourceTree = "<group>"; };
		03749AA528CF3FFB001A8061 /* Info.plist */ = {isa = PBXFileReference; lastKnownFileType = text.plist.xml; path = Info.plist; sourceTree = "<group>"; };
		03749AAE28CF4116001A8061 /* MainViewController.swift */ = {isa = PBXFileReference; lastKnownFileType = sourcecode.swift; path = MainViewController.swift; sourceTree = "<group>"; };
		03C277B328D0937800D65891 /* DetailsViewController.swift */ = {isa = PBXFileReference; lastKnownFileType = sourcecode.swift; path = DetailsViewController.swift; sourceTree = "<group>"; };
/* End PBXFileReference section */

/* Begin PBXFrameworksBuildPhase section */
		03749A8E28CF3FF9001A8061 /* Frameworks */ = {
			isa = PBXFrameworksBuildPhase;
			buildActionMask = 2147483647;
			files = (
			);
			runOnlyForDeploymentPostprocessing = 0;
		};
/* End PBXFrameworksBuildPhase section */

/* Begin PBXGroup section */
		03749A8828CF3FF9001A8061 = {
			isa = PBXGroup;
			children = (
				03749A9328CF3FF9001A8061 /* NewsApp-uikit */,
				03749A9228CF3FF9001A8061 /* Products */,
			);
			sourceTree = "<group>";
		};
		03749A9228CF3FF9001A8061 /* Products */ = {
			isa = PBXGroup;
			children = (
				03749A9128CF3FF9001A8061 /* NewsApp-uikit.app */,
			);
			name = Products;
			sourceTree = "<group>";
		};
		03749A9328CF3FF9001A8061 /* NewsApp-uikit */ = {
			isa = PBXGroup;
			children = (
				03749AAB28CF400E001A8061 /* Supporting Files */,
				03749AAD28CF403D001A8061 /* View */,
				03749AAC28CF4025001A8061 /* Model */,
				03749A9A28CF3FF9001A8061 /* Main.storyboard */,
				03749AA228CF3FFB001A8061 /* LaunchScreen.storyboard */,
				03749AA028CF3FFB001A8061 /* Assets.xcassets */,
				03749AA528CF3FFB001A8061 /* Info.plist */,
				03749A9D28CF3FF9001A8061 /* NewsApp_uikit.xcdatamodeld */,
			);
			path = "NewsApp-uikit";
			sourceTree = "<group>";
		};
		03749AAB28CF400E001A8061 /* Supporting Files */ = {
			isa = PBXGroup;
			children = (
				03749A9628CF3FF9001A8061 /* SceneDelegate.swift */,
				03749A9428CF3FF9001A8061 /* AppDelegate.swift */,
			);
			path = "Supporting Files";
			sourceTree = "<group>";
		};
		03749AAC28CF4025001A8061 /* Model */ = {
			isa = PBXGroup;
			children = (
				0348625828CF68DF0042EF3E /* News.swift */,
			);
			path = Model;
			sourceTree = "<group>";
		};
		03749AAD28CF403D001A8061 /* View */ = {
			isa = PBXGroup;
			children = (
				03749AAE28CF4116001A8061 /* MainViewController.swift */,
				03C277B328D0937800D65891 /* DetailsViewController.swift */,
				0348625428CF5F060042EF3E /* NewsCollectionViewCell.swift */,
				0348625528CF5F060042EF3E /* NewsCollectionViewCell.xib */,
				0303317328D1F74600794F12 /* WebViewController.swift */,
			);
			path = View;
			sourceTree = "<group>";
		};
/* End PBXGroup section */

/* Begin PBXNativeTarget section */
		03749A9028CF3FF9001A8061 /* NewsApp-uikit */ = {
			isa = PBXNativeTarget;
			buildConfigurationList = 03749AA828CF3FFB001A8061 /* Build configuration list for PBXNativeTarget "NewsApp-uikit" */;
			buildPhases = (
				03749A8D28CF3FF9001A8061 /* Sources */,
				03749A8E28CF3FF9001A8061 /* Frameworks */,
				03749A8F28CF3FF9001A8061 /* Resources */,
			);
			buildRules = (
			);
			dependencies = (
			);
			name = "NewsApp-uikit";
			productName = "NewsApp-uikit";
			productReference = 03749A9128CF3FF9001A8061 /* NewsApp-uikit.app */;
			productType = "com.apple.product-type.application";
		};
/* End PBXNativeTarget section */

/* Begin PBXProject section */
		03749A8928CF3FF9001A8061 /* Project object */ = {
			isa = PBXProject;
			attributes = {
				BuildIndependentTargetsInParallel = 1;
				LastSwiftUpdateCheck = 1340;
				LastUpgradeCheck = 1340;
				TargetAttributes = {
					03749A9028CF3FF9001A8061 = {
						CreatedOnToolsVersion = 13.4;
					};
				};
			};
			buildConfigurationList = 03749A8C28CF3FF9001A8061 /* Build configuration list for PBXProject "NewsApp-uikit" */;
			compatibilityVersion = "Xcode 13.0";
			developmentRegion = en;
			hasScannedForEncodings = 0;
			knownRegions = (
				en,
				Base,
			);
			mainGroup = 03749A8828CF3FF9001A8061;
			productRefGroup = 03749A9228CF3FF9001A8061 /* Products */;
			projectDirPath = "";
			projectRoot = "";
			targets = (
				03749A9028CF3FF9001A8061 /* NewsApp-uikit */,
			);
		};
/* End PBXProject section */

/* Begin PBXResourcesBuildPhase section */
		03749A8F28CF3FF9001A8061 /* Resources */ = {
			isa = PBXResourcesBuildPhase;
			buildActionMask = 2147483647;
			files = (
				03749AA428CF3FFB001A8061 /* LaunchScreen.storyboard in Resources */,
				03749AA128CF3FFB001A8061 /* Assets.xcassets in Resources */,
				03749A9C28CF3FF9001A8061 /* Main.storyboard in Resources */,
				0348625728CF5F060042EF3E /* NewsCollectionViewCell.xib in Resources */,
			);
			runOnlyForDeploymentPostprocessing = 0;
		};
/* End PBXResourcesBuildPhase section */

/* Begin PBXSourcesBuildPhase section */
		03749A8D28CF3FF9001A8061 /* Sources */ = {
			isa = PBXSourcesBuildPhase;
			buildActionMask = 2147483647;
			files = (
				0348625928CF68DF0042EF3E /* News.swift in Sources */,
				03749A9F28CF3FF9001A8061 /* NewsApp_uikit.xcdatamodeld in Sources */,
				03749A9528CF3FF9001A8061 /* AppDelegate.swift in Sources */,
				03749A9728CF3FF9001A8061 /* SceneDelegate.swift in Sources */,
				03C277B428D0937800D65891 /* DetailsViewController.swift in Sources */,
				03749AAF28CF4116001A8061 /* MainViewController.swift in Sources */,
				0348625628CF5F060042EF3E /* NewsCollectionViewCell.swift in Sources */,
				0303317428D1F74600794F12 /* WebViewController.swift in Sources */,
			);
			runOnlyForDeploymentPostprocessing = 0;
		};
/* End PBXSourcesBuildPhase section */

/* Begin PBXVariantGroup section */
		03749A9A28CF3FF9001A8061 /* Main.storyboard */ = {
			isa = PBXVariantGroup;
			children = (
				03749A9B28CF3FF9001A8061 /* Base */,
			);
			name = Main.storyboard;
			sourceTree = "<group>";
		};
		03749AA228CF3FFB001A8061 /* LaunchScreen.storyboard */ = {
			isa = PBXVariantGroup;
			children = (
				03749AA328CF3FFB001A8061 /* Base */,
			);
			name = LaunchScreen.storyboard;
			sourceTree = "<group>";
		};
/* End PBXVariantGroup section */

/* Begin XCBuildConfiguration section */
		03749AA628CF3FFB001A8061 /* Debug */ = {
			isa = XCBuildConfiguration;
			buildSettings = {
				ALWAYS_SEARCH_USER_PATHS = NO;
				CLANG_ANALYZER_NONNULL = YES;
				CLANG_ANALYZER_NUMBER_OBJECT_CONVERSION = YES_AGGRESSIVE;
				CLANG_CXX_LANGUAGE_STANDARD = "gnu++17";
				CLANG_ENABLE_MODULES = YES;
				CLANG_ENABLE_OBJC_ARC = YES;
				CLANG_ENABLE_OBJC_WEAK = YES;
				CLANG_WARN_BLOCK_CAPTURE_AUTORELEASING = YES;
				CLANG_WARN_BOOL_CONVERSION = YES;
				CLANG_WARN_COMMA = YES;
				CLANG_WARN_CONSTANT_CONVERSION = YES;
				CLANG_WARN_DEPRECATED_OBJC_IMPLEMENTATIONS = YES;
				CLANG_WARN_DIRECT_OBJC_ISA_USAGE = YES_ERROR;
				CLANG_WARN_DOCUMENTATION_COMMENTS = YES;
				CLANG_WARN_EMPTY_BODY = YES;
				CLANG_WARN_ENUM_CONVERSION = YES;
				CLANG_WARN_INFINITE_RECURSION = YES;
				CLANG_WARN_INT_CONVERSION = YES;
				CLANG_WARN_NON_LITERAL_NULL_CONVERSION = YES;
				CLANG_WARN_OBJC_IMPLICIT_RETAIN_SELF = YES;
				CLANG_WARN_OBJC_LITERAL_CONVERSION = YES;
				CLANG_WARN_OBJC_ROOT_CLASS = YES_ERROR;
				CLANG_WARN_QUOTED_INCLUDE_IN_FRAMEWORK_HEADER = YES;
				CLANG_WARN_RANGE_LOOP_ANALYSIS = YES;
				CLANG_WARN_STRICT_PROTOTYPES = YES;
				CLANG_WARN_SUSPICIOUS_MOVE = YES;
				CLANG_WARN_UNGUARDED_AVAILABILITY = YES_AGGRESSIVE;
				CLANG_WARN_UNREACHABLE_CODE = YES;
				CLANG_WARN__DUPLICATE_METHOD_MATCH = YES;
				COPY_PHASE_STRIP = NO;
				DEBUG_INFORMATION_FORMAT = dwarf;
				ENABLE_STRICT_OBJC_MSGSEND = YES;
				ENABLE_TESTABILITY = YES;
				GCC_C_LANGUAGE_STANDARD = gnu11;
				GCC_DYNAMIC_NO_PIC = NO;
				GCC_NO_COMMON_BLOCKS = YES;
				GCC_OPTIMIZATION_LEVEL = 0;
				GCC_PREPROCESSOR_DEFINITIONS = (
					"DEBUG=1",
					"$(inherited)",
				);
				GCC_WARN_64_TO_32_BIT_CONVERSION = YES;
				GCC_WARN_ABOUT_RETURN_TYPE = YES_ERROR;
				GCC_WARN_UNDECLARED_SELECTOR = YES;
				GCC_WARN_UNINITIALIZED_AUTOS = YES_AGGRESSIVE;
				GCC_WARN_UNUSED_FUNCTION = YES;
				GCC_WARN_UNUSED_VARIABLE = YES;
				IPHONEOS_DEPLOYMENT_TARGET = 15.5;
				MTL_ENABLE_DEBUG_INFO = INCLUDE_SOURCE;
				MTL_FAST_MATH = YES;
				ONLY_ACTIVE_ARCH = YES;
				SDKROOT = iphoneos;
				SWIFT_ACTIVE_COMPILATION_CONDITIONS = DEBUG;
				SWIFT_OPTIMIZATION_LEVEL = "-Onone";
			};
			name = Debug;
		};
		03749AA728CF3FFB001A8061 /* Release */ = {
			isa = XCBuildConfiguration;
			buildSettings = {
				ALWAYS_SEARCH_USER_PATHS = NO;
				CLANG_ANALYZER_NONNULL = YES;
				CLANG_ANALYZER_NUMBER_OBJECT_CONVERSION = YES_AGGRESSIVE;
				CLANG_CXX_LANGUAGE_STANDARD = "gnu++17";
				CLANG_ENABLE_MODULES = YES;
				CLANG_ENABLE_OBJC_ARC = YES;
				CLANG_ENABLE_OBJC_WEAK = YES;
				CLANG_WARN_BLOCK_CAPTURE_AUTORELEASING = YES;
				CLANG_WARN_BOOL_CONVERSION = YES;
				CLANG_WARN_COMMA = YES;
				CLANG_WARN_CONSTANT_CONVERSION = YES;
				CLANG_WARN_DEPRECATED_OBJC_IMPLEMENTATIONS = YES;
				CLANG_WARN_DIRECT_OBJC_ISA_USAGE = YES_ERROR;
				CLANG_WARN_DOCUMENTATION_COMMENTS = YES;
				CLANG_WARN_EMPTY_BODY = YES;
				CLANG_WARN_ENUM_CONVERSION = YES;
				CLANG_WARN_INFINITE_RECURSION = YES;
				CLANG_WARN_INT_CONVERSION = YES;
				CLANG_WARN_NON_LITERAL_NULL_CONVERSION = YES;
				CLANG_WARN_OBJC_IMPLICIT_RETAIN_SELF = YES;
				CLANG_WARN_OBJC_LITERAL_CONVERSION = YES;
				CLANG_WARN_OBJC_ROOT_CLASS = YES_ERROR;
				CLANG_WARN_QUOTED_INCLUDE_IN_FRAMEWORK_HEADER = YES;
				CLANG_WARN_RANGE_LOOP_ANALYSIS = YES;
				CLANG_WARN_STRICT_PROTOTYPES = YES;
				CLANG_WARN_SUSPICIOUS_MOVE = YES;
				CLANG_WARN_UNGUARDED_AVAILABILITY = YES_AGGRESSIVE;
				CLANG_WARN_UNREACHABLE_CODE = YES;
				CLANG_WARN__DUPLICATE_METHOD_MATCH = YES;
				COPY_PHASE_STRIP = NO;
				DEBUG_INFORMATION_FORMAT = "dwarf-with-dsym";
				ENABLE_NS_ASSERTIONS = NO;
				ENABLE_STRICT_OBJC_MSGSEND = YES;
				GCC_C_LANGUAGE_STANDARD = gnu11;
				GCC_NO_COMMON_BLOCKS = YES;
				GCC_WARN_64_TO_32_BIT_CONVERSION = YES;
				GCC_WARN_ABOUT_RETURN_TYPE = YES_ERROR;
				GCC_WARN_UNDECLARED_SELECTOR = YES;
				GCC_WARN_UNINITIALIZED_AUTOS = YES_AGGRESSIVE;
				GCC_WARN_UNUSED_FUNCTION = YES;
				GCC_WARN_UNUSED_VARIABLE = YES;
				IPHONEOS_DEPLOYMENT_TARGET = 15.5;
				MTL_ENABLE_DEBUG_INFO = NO;
				MTL_FAST_MATH = YES;
				SDKROOT = iphoneos;
				SWIFT_COMPILATION_MODE = wholemodule;
				SWIFT_OPTIMIZATION_LEVEL = "-O";
				VALIDATE_PRODUCT = YES;
			};
			name = Release;
		};
		03749AA928CF3FFB001A8061 /* Debug */ = {
			isa = XCBuildConfiguration;
			buildSettings = {
				ASSETCATALOG_COMPILER_APPICON_NAME = AppIcon;
				ASSETCATALOG_COMPILER_GLOBAL_ACCENT_COLOR_NAME = AccentColor;
				CODE_SIGN_STYLE = Automatic;
				CURRENT_PROJECT_VERSION = 1;
				DEVELOPMENT_TEAM = A3LU4KVXCV;
				GENERATE_INFOPLIST_FILE = YES;
				INFOPLIST_FILE = "NewsApp-uikit/Info.plist";
				INFOPLIST_KEY_UIApplicationSupportsIndirectInputEvents = YES;
				INFOPLIST_KEY_UILaunchStoryboardName = LaunchScreen;
				INFOPLIST_KEY_UIMainStoryboardFile = Main;
				INFOPLIST_KEY_UISupportedInterfaceOrientations_iPad = "UIInterfaceOrientationPortrait UIInterfaceOrientationPortraitUpsideDown UIInterfaceOrientationLandscapeLeft UIInterfaceOrientationLandscapeRight";
				INFOPLIST_KEY_UISupportedInterfaceOrientations_iPhone = "UIInterfaceOrientationPortrait UIInterfaceOrientationLandscapeLeft UIInterfaceOrientationLandscapeRight";
				LD_RUNPATH_SEARCH_PATHS = (
					"$(inherited)",
					"@executable_path/Frameworks",
				);
				MARKETING_VERSION = 1.0;
				PRODUCT_BUNDLE_IDENTIFIER = "com.ayberkmogol.NewsApp-uikit";
				PRODUCT_NAME = "$(TARGET_NAME)";
				SWIFT_EMIT_LOC_STRINGS = YES;
				SWIFT_VERSION = 5.0;
				TARGETED_DEVICE_FAMILY = "1,2";
			};
			name = Debug;
		};
		03749AAA28CF3FFB001A8061 /* Release */ = {
			isa = XCBuildConfiguration;
			buildSettings = {
				ASSETCATALOG_COMPILER_APPICON_NAME = AppIcon;
				ASSETCATALOG_COMPILER_GLOBAL_ACCENT_COLOR_NAME = AccentColor;
				CODE_SIGN_STYLE = Automatic;
				CURRENT_PROJECT_VERSION = 1;
				DEVELOPMENT_TEAM = A3LU4KVXCV;
				GENERATE_INFOPLIST_FILE = YES;
				INFOPLIST_FILE = "NewsApp-uikit/Info.plist";
				INFOPLIST_KEY_UIApplicationSupportsIndirectInputEvents = YES;
				INFOPLIST_KEY_UILaunchStoryboardName = LaunchScreen;
				INFOPLIST_KEY_UIMainStoryboardFile = Main;
				INFOPLIST_KEY_UISupportedInterfaceOrientations_iPad = "UIInterfaceOrientationPortrait UIInterfaceOrientationPortraitUpsideDown UIInterfaceOrientationLandscapeLeft UIInterfaceOrientationLandscapeRight";
				INFOPLIST_KEY_UISupportedInterfaceOrientations_iPhone = "UIInterfaceOrientationPortrait UIInterfaceOrientationLandscapeLeft UIInterfaceOrientationLandscapeRight";
				LD_RUNPATH_SEARCH_PATHS = (
					"$(inherited)",
					"@executable_path/Frameworks",
				);
				MARKETING_VERSION = 1.0;
				PRODUCT_BUNDLE_IDENTIFIER = "com.ayberkmogol.NewsApp-uikit";
				PRODUCT_NAME = "$(TARGET_NAME)";
				SWIFT_EMIT_LOC_STRINGS = YES;
				SWIFT_VERSION = 5.0;
				TARGETED_DEVICE_FAMILY = "1,2";
			};
			name = Release;
		};
/* End XCBuildConfiguration section */

/* Begin XCConfigurationList section */
		03749A8C28CF3FF9001A8061 /* Build configuration list for PBXProject "NewsApp-uikit" */ = {
			isa = XCConfigurationList;
			buildConfigurations = (
				03749AA628CF3FFB001A8061 /* Debug */,
				03749AA728CF3FFB001A8061 /* Release */,
			);
			defaultConfigurationIsVisible = 0;
			defaultConfigurationName = Release;
		};
		03749AA828CF3FFB001A8061 /* Build configuration list for PBXNativeTarget "NewsApp-uikit" */ = {
			isa = XCConfigurationList;
			buildConfigurations = (
				03749AA928CF3FFB001A8061 /* Debug */,
				03749AAA28CF3FFB001A8061 /* Release */,
			);
			defaultConfigurationIsVisible = 0;
			defaultConfigurationName = Release;
		};
/* End XCConfigurationList section */

/* Begin XCVersionGroup section */
		03749A9D28CF3FF9001A8061 /* NewsApp_uikit.xcdatamodeld */ = {
			isa = XCVersionGroup;
			children = (
				03749A9E28CF3FF9001A8061 /* NewsApp_uikit.xcdatamodel */,
			);
			currentVersion = 03749A9E28CF3FF9001A8061 /* NewsApp_uikit.xcdatamodel */;
			path = NewsApp_uikit.xcdatamodeld;
			sourceTree = "<group>";
			versionGroupType = wrapper.xcdatamodel;
		};
/* End XCVersionGroup section */
	};
	rootObject = 03749A8928CF3FF9001A8061 /* Project object */;
}
